
Microsoft Visual Studio Solution File, Format Version 12.00
# Visual Studio Version 17
VisualStudioVersion = 17.9.34902.65
MinimumVisualStudioVersion = 10.0.40219.1
Project("{FAE04EC0-301F-11D3-BF4B-00C04F79EFBC}") = "TPFinalNivel2_Alonso", "TPFinalNivel2_Alonso\TPFinalNivel2_Alonso.csproj", "{968AAAB1-3433-4281-9DDF-DE0BA9E4BE76}"
EndProject
Project("{FAE04EC0-301F-11D3-BF4B-00C04F79EFBC}") = "Dominio", "Dominio\Dominio.csproj", "{9912F19D-E4D7-46D0-8C2A-6DC4C01A52F2}"
EndProject
Project("{FAE04EC0-301F-11D3-BF4B-00C04F79EFBC}") = "AccesoDB", "AccesoDB\AccesoDB.csproj", "{C570EA00-E802-4CBD-A217-27CB3AAA9F2E}"
EndProject
Global
	GlobalSection(SolutionConfigurationPlatforms) = preSolution
		Debug|Any CPU = Debug|Any CPU
		Release|Any CPU = Release|Any CPU
	EndGlobalSection
	GlobalSection(ProjectConfigurationPlatforms) = postSolution
		{968AAAB1-3433-4281-9DDF-DE0BA9E4BE76}.Debug|Any CPU.ActiveCfg = Debug|Any CPU
		{968AAAB1-3433-4281-9DDF-DE0BA9E4BE76}.Debug|Any CPU.Build.0 = Debug|Any CPU
		{968AAAB1-3433-4281-9DDF-DE0BA9E4BE76}.Release|Any CPU.ActiveCfg = Release|Any CPU
		{968AAAB1-3433-4281-9DDF-DE0BA9E4BE76}.Release|Any CPU.Build.0 = Release|Any CPU
		{9912F19D-E4D7-46D0-8C2A-6DC4C01A52F2}.Debug|Any CPU.ActiveCfg = Debug|Any CPU
		{9912F19D-E4D7-46D0-8C2A-6DC4C01A52F2}.Debug|Any CPU.Build.0 = Debug|Any CPU
		{9912F19D-E4D7-46D0-8C2A-6DC4C01A52F2}.Release|Any CPU.ActiveCfg = Release|Any CPU
		{9912F19D-E4D7-46D0-8C2A-6DC4C01A52F2}.Release|Any CPU.Build.0 = Release|Any CPU
		{C570EA00-E802-4CBD-A217-27CB3AAA9F2E}.Debug|Any CPU.ActiveCfg = Debug|Any CPU
		{C570EA00-E802-4CBD-A217-27CB3AAA9F2E}.Debug|Any CPU.Build.0 = Debug|Any CPU
		{C570EA00-E802-4CBD-A217-27CB3AAA9F2E}.Release|Any CPU.ActiveCfg = Release|Any CPU
		{C570EA00-E802-4CBD-A217-27CB3AAA9F2E}.Release|Any CPU.Build.0 = Release|Any CPU
	EndGlobalSection
	GlobalSection(SolutionProperties) = preSolution
		HideSolutionNode = FALSE
	EndGlobalSection
	GlobalSection(ExtensibilityGlobals) = postSolution
		SolutionGuid = {1D904DC7-DEE1-4221-B763-3D4520B278A0}
	EndGlobalSection
EndGlobal
